
Microsoft Visual Studio Solution File, Format Version 12.00
# Visual Studio Version 16
VisualStudioVersion = 16.0.30011.22
MinimumVisualStudioVersion = 10.0.40219.1
Project("{FAE04EC0-301F-11D3-BF4B-00C04F79EFBC}") = "ApplicationInsights", "ApplicationInsights\ApplicationInsights.csproj", "{10FA8883-1C37-47DA-A9C9-4539E7C5C545}"
EndProject
Project("{FAE04EC0-301F-11D3-BF4B-00C04F79EFBC}") = "ApplicationInsights.Api", "ApplicationInsights.Api\ApplicationInsights.Api.csproj", "{611421E3-630B-47BF-8B90-0D962D071E77}"
EndProject
Global
	GlobalSection(SolutionConfigurationPlatforms) = preSolution
		Debug|Any CPU = Debug|Any CPU
		Release|Any CPU = Release|Any CPU
	EndGlobalSection
	GlobalSection(ProjectConfigurationPlatforms) = postSolution
		{10FA8883-1C37-47DA-A9C9-4539E7C5C545}.Debug|Any CPU.ActiveCfg = Debug|Any CPU
		{10FA8883-1C37-47DA-A9C9-4539E7C5C545}.Debug|Any CPU.Build.0 = Debug|Any CPU
		{10FA8883-1C37-47DA-A9C9-4539E7C5C545}.Release|Any CPU.ActiveCfg = Release|Any CPU
		{10FA8883-1C37-47DA-A9C9-4539E7C5C545}.Release|Any CPU.Build.0 = Release|Any CPU
		{611421E3-630B-47BF-8B90-0D962D071E77}.Debug|Any CPU.ActiveCfg = Debug|Any CPU
		{611421E3-630B-47BF-8B90-0D962D071E77}.Debug|Any CPU.Build.0 = Debug|Any CPU
		{611421E3-630B-47BF-8B90-0D962D071E77}.Release|Any CPU.ActiveCfg = Release|Any CPU
		{611421E3-630B-47BF-8B90-0D962D071E77}.Release|Any CPU.Build.0 = Release|Any CPU
	EndGlobalSection
	GlobalSection(SolutionProperties) = preSolution
		HideSolutionNode = FALSE
	EndGlobalSection
	GlobalSection(ExtensibilityGlobals) = postSolution
		SolutionGuid = {383534C8-BED1-4483-9201-CBB3D524642C}
	EndGlobalSection
EndGlobal
